// !$*UTF8*$!
{
	archiveVersion = 1;
	classes = {
	};
	objectVersion = 51;
	objects = {

/* Begin PBXBuildFile section */
		22C2C99E98E1B43EB2A026A1 /* Pods_Parstagram_ParstagramUITests.framework in Frameworks */ = {isa = PBXBuildFile; fileRef = 48773F25C64F3D4328B7F48F /* Pods_Parstagram_ParstagramUITests.framework */; };
		4C21A06DB4C632017C7ECB0B /* Pods_ParstagramTests.framework in Frameworks */ = {isa = PBXBuildFile; fileRef = 1B9F31DC52CC2FD1E169A05D /* Pods_ParstagramTests.framework */; };
		9B7C7B602378A9C9000B00F2 /* AppDelegate.swift in Sources */ = {isa = PBXBuildFile; fileRef = 9B7C7B5F2378A9C9000B00F2 /* AppDelegate.swift */; };
		9B7C7B622378A9C9000B00F2 /* SceneDelegate.swift in Sources */ = {isa = PBXBuildFile; fileRef = 9B7C7B612378A9C9000B00F2 /* SceneDelegate.swift */; };
		9B7C7B672378A9C9000B00F2 /* Main.storyboard in Resources */ = {isa = PBXBuildFile; fileRef = 9B7C7B652378A9C9000B00F2 /* Main.storyboard */; };
		9B7C7B692378A9D0000B00F2 /* Assets.xcassets in Resources */ = {isa = PBXBuildFile; fileRef = 9B7C7B682378A9D0000B00F2 /* Assets.xcassets */; };
		9B7C7B6C2378A9D0000B00F2 /* LaunchScreen.storyboard in Resources */ = {isa = PBXBuildFile; fileRef = 9B7C7B6A2378A9D0000B00F2 /* LaunchScreen.storyboard */; };
		9B7C7B772378A9D0000B00F2 /* ParstagramTests.swift in Sources */ = {isa = PBXBuildFile; fileRef = 9B7C7B762378A9D0000B00F2 /* ParstagramTests.swift */; };
		9B7C7B822378A9D1000B00F2 /* ParstagramUITests.swift in Sources */ = {isa = PBXBuildFile; fileRef = 9B7C7B812378A9D1000B00F2 /* ParstagramUITests.swift */; };
		9B7C7B902378B158000B00F2 /* LoginViewController.swift in Sources */ = {isa = PBXBuildFile; fileRef = 9B7C7B8F2378B158000B00F2 /* LoginViewController.swift */; };
		9B7C7B922378B162000B00F2 /* FeedViewController.swift in Sources */ = {isa = PBXBuildFile; fileRef = 9B7C7B912378B162000B00F2 /* FeedViewController.swift */; };
		9B7C7B942378BAAE000B00F2 /* CameraViewController.swift in Sources */ = {isa = PBXBuildFile; fileRef = 9B7C7B932378BAAE000B00F2 /* CameraViewController.swift */; };
		9B7C7B962378DFC0000B00F2 /* PostCell.swift in Sources */ = {isa = PBXBuildFile; fileRef = 9B7C7B952378DFC0000B00F2 /* PostCell.swift */; };
		9B7C7B982388B7BE000B00F2 /* CommentCell.swift in Sources */ = {isa = PBXBuildFile; fileRef = 9B7C7B972388B7BD000B00F2 /* CommentCell.swift */; };
		F6593B04256675224F67961D /* Pods_Parstagram.framework in Frameworks */ = {isa = PBXBuildFile; fileRef = 8E5E5612EED9DBE353333044 /* Pods_Parstagram.framework */; };
/* End PBXBuildFile section */

/* Begin PBXContainerItemProxy section */
		9B7C7B732378A9D0000B00F2 /* PBXContainerItemProxy */ = {
			isa = PBXContainerItemProxy;
			containerPortal = 9B7C7B542378A9C9000B00F2 /* Project object */;
			proxyType = 1;
			remoteGlobalIDString = 9B7C7B5B2378A9C9000B00F2;
			remoteInfo = Parstagram;
		};
		9B7C7B7E2378A9D1000B00F2 /* PBXContainerItemProxy */ = {
			isa = PBXContainerItemProxy;
			containerPortal = 9B7C7B542378A9C9000B00F2 /* Project object */;
			proxyType = 1;
			remoteGlobalIDString = 9B7C7B5B2378A9C9000B00F2;
			remoteInfo = Parstagram;
		};
/* End PBXContainerItemProxy section */

/* Begin PBXFileReference section */
		1B9F31DC52CC2FD1E169A05D /* Pods_ParstagramTests.framework */ = {isa = PBXFileReference; explicitFileType = wrapper.framework; includeInIndex = 0; path = Pods_ParstagramTests.framework; sourceTree = BUILT_PRODUCTS_DIR; };
		36ACA163B75B1461CDD0D5FA /* Pods-Parstagram.release.xcconfig */ = {isa = PBXFileReference; includeInIndex = 1; lastKnownFileType = text.xcconfig; name = "Pods-Parstagram.release.xcconfig"; path = "Target Support Files/Pods-Parstagram/Pods-Parstagram.release.xcconfig"; sourceTree = "<group>"; };
		48773F25C64F3D4328B7F48F /* Pods_Parstagram_ParstagramUITests.framework */ = {isa = PBXFileReference; explicitFileType = wrapper.framework; includeInIndex = 0; path = Pods_Parstagram_ParstagramUITests.framework; sourceTree = BUILT_PRODUCTS_DIR; };
		4EB33886779BF33929E8127C /* Pods-Parstagram.debug.xcconfig */ = {isa = PBXFileReference; includeInIndex = 1; lastKnownFileType = text.xcconfig; name = "Pods-Parstagram.debug.xcconfig"; path = "Target Support Files/Pods-Parstagram/Pods-Parstagram.debug.xcconfig"; sourceTree = "<group>"; };
		5AE68C0960B0E6E003313B7A /* Pods-Parstagram-ParstagramUITests.release.xcconfig */ = {isa = PBXFileReference; includeInIndex = 1; lastKnownFileType = text.xcconfig; name = "Pods-Parstagram-ParstagramUITests.release.xcconfig"; path = "Target Support Files/Pods-Parstagram-ParstagramUITests/Pods-Parstagram-ParstagramUITests.release.xcconfig"; sourceTree = "<group>"; };
		7CA05D7DE970CC355C888605 /* Pods-ParstagramTests.release.xcconfig */ = {isa = PBXFileReference; includeInIndex = 1; lastKnownFileType = text.xcconfig; name = "Pods-ParstagramTests.release.xcconfig"; path = "Target Support Files/Pods-ParstagramTests/Pods-ParstagramTests.release.xcconfig"; sourceTree = "<group>"; };
		8E5E5612EED9DBE353333044 /* Pods_Parstagram.framework */ = {isa = PBXFileReference; explicitFileType = wrapper.framework; includeInIndex = 0; path = Pods_Parstagram.framework; sourceTree = BUILT_PRODUCTS_DIR; };
		8E8DFC8EBF2C23FE485CF543 /* Pods-Parstagram-ParstagramUITests.debug.xcconfig */ = {isa = PBXFileReference; includeInIndex = 1; lastKnownFileType = text.xcconfig; name = "Pods-Parstagram-ParstagramUITests.debug.xcconfig"; path = "Target Support Files/Pods-Parstagram-ParstagramUITests/Pods-Parstagram-ParstagramUITests.debug.xcconfig"; sourceTree = "<group>"; };
		9B7C7B5C2378A9C9000B00F2 /* Parstagram.app */ = {isa = PBXFileReference; explicitFileType = wrapper.application; includeInIndex = 0; path = Parstagram.app; sourceTree = BUILT_PRODUCTS_DIR; };
		9B7C7B5F2378A9C9000B00F2 /* AppDelegate.swift */ = {isa = PBXFileReference; lastKnownFileType = sourcecode.swift; path = AppDelegate.swift; sourceTree = "<group>"; };
		9B7C7B612378A9C9000B00F2 /* SceneDelegate.swift */ = {isa = PBXFileReference; lastKnownFileType = sourcecode.swift; path = SceneDelegate.swift; sourceTree = "<group>"; };
		9B7C7B662378A9C9000B00F2 /* Base */ = {isa = PBXFileReference; lastKnownFileType = file.storyboard; name = Base; path = Base.lproj/Main.storyboard; sourceTree = "<group>"; };
		9B7C7B682378A9D0000B00F2 /* Assets.xcassets */ = {isa = PBXFileReference; lastKnownFileType = folder.assetcatalog; path = Assets.xcassets; sourceTree = "<group>"; };
		9B7C7B6B2378A9D0000B00F2 /* Base */ = {isa = PBXFileReference; lastKnownFileType = file.storyboard; name = Base; path = Base.lproj/LaunchScreen.storyboard; sourceTree = "<group>"; };
		9B7C7B6D2378A9D0000B00F2 /* Info.plist */ = {isa = PBXFileReference; lastKnownFileType = text.plist.xml; path = Info.plist; sourceTree = "<group>"; };
		9B7C7B722378A9D0000B00F2 /* ParstagramTests.xctest */ = {isa = PBXFileReference; explicitFileType = wrapper.cfbundle; includeInIndex = 0; path = ParstagramTests.xctest; sourceTree = BUILT_PRODUCTS_DIR; };
		9B7C7B762378A9D0000B00F2 /* ParstagramTests.swift */ = {isa = PBXFileReference; lastKnownFileType = sourcecode.swift; path = ParstagramTests.swift; sourceTree = "<group>"; };
		9B7C7B782378A9D0000B00F2 /* Info.plist */ = {isa = PBXFileReference; lastKnownFileType = text.plist.xml; path = Info.plist; sourceTree = "<group>"; };
		9B7C7B7D2378A9D1000B00F2 /* ParstagramUITests.xctest */ = {isa = PBXFileReference; explicitFileType = wrapper.cfbundle; includeInIndex = 0; path = ParstagramUITests.xctest; sourceTree = BUILT_PRODUCTS_DIR; };
		9B7C7B812378A9D1000B00F2 /* ParstagramUITests.swift */ = {isa = PBXFileReference; lastKnownFileType = sourcecode.swift; path = ParstagramUITests.swift; sourceTree = "<group>"; };
		9B7C7B832378A9D1000B00F2 /* Info.plist */ = {isa = PBXFileReference; lastKnownFileType = text.plist.xml; path = Info.plist; sourceTree = "<group>"; };
		9B7C7B8F2378B158000B00F2 /* LoginViewController.swift */ = {isa = PBXFileReference; lastKnownFileType = sourcecode.swift; path = LoginViewController.swift; sourceTree = "<group>"; };
		9B7C7B912378B162000B00F2 /* FeedViewController.swift */ = {isa = PBXFileReference; lastKnownFileType = sourcecode.swift; path = FeedViewController.swift; sourceTree = "<group>"; };
		9B7C7B932378BAAE000B00F2 /* CameraViewController.swift */ = {isa = PBXFileReference; lastKnownFileType = sourcecode.swift; path = CameraViewController.swift; sourceTree = "<group>"; };
		9B7C7B952378DFC0000B00F2 /* PostCell.swift */ = {isa = PBXFileReference; lastKnownFileType = sourcecode.swift; path = PostCell.swift; sourceTree = "<group>"; };
		9B7C7B972388B7BD000B00F2 /* CommentCell.swift */ = {isa = PBXFileReference; lastKnownFileType = sourcecode.swift; path = CommentCell.swift; sourceTree = "<group>"; };
		C91042B4705F7E52B9EB0085 /* Pods-ParstagramTests.debug.xcconfig */ = {isa = PBXFileReference; includeInIndex = 1; lastKnownFileType = text.xcconfig; name = "Pods-ParstagramTests.debug.xcconfig"; path = "Target Support Files/Pods-ParstagramTests/Pods-ParstagramTests.debug.xcconfig"; sourceTree = "<group>"; };
/* End PBXFileReference section */

/* Begin PBXFrameworksBuildPhase section */
		9B7C7B592378A9C9000B00F2 /* Frameworks */ = {
			isa = PBXFrameworksBuildPhase;
			buildActionMask = 2147483647;
			files = (
				F6593B04256675224F67961D /* Pods_Parstagram.framework in Frameworks */,
			);
			runOnlyForDeploymentPostprocessing = 0;
		};
		9B7C7B6F2378A9D0000B00F2 /* Frameworks */ = {
			isa = PBXFrameworksBuildPhase;
			buildActionMask = 2147483647;
			files = (
				4C21A06DB4C632017C7ECB0B /* Pods_ParstagramTests.framework in Frameworks */,
			);
			runOnlyForDeploymentPostprocessing = 0;
		};
		9B7C7B7A2378A9D1000B00F2 /* Frameworks */ = {
			isa = PBXFrameworksBuildPhase;
			buildActionMask = 2147483647;
			files = (
				22C2C99E98E1B43EB2A026A1 /* Pods_Parstagram_ParstagramUITests.framework in Frameworks */,
			);
			runOnlyForDeploymentPostprocessing = 0;
		};
/* End PBXFrameworksBuildPhase section */

/* Begin PBXGroup section */
		8C5BA4F62CDEADBDA235D3A8 /* Pods */ = {
			isa = PBXGroup;
			children = (
				4EB33886779BF33929E8127C /* Pods-Parstagram.debug.xcconfig */,
				36ACA163B75B1461CDD0D5FA /* Pods-Parstagram.release.xcconfig */,
				8E8DFC8EBF2C23FE485CF543 /* Pods-Parstagram-ParstagramUITests.debug.xcconfig */,
				5AE68C0960B0E6E003313B7A /* Pods-Parstagram-ParstagramUITests.release.xcconfig */,
				C91042B4705F7E52B9EB0085 /* Pods-ParstagramTests.debug.xcconfig */,
				7CA05D7DE970CC355C888605 /* Pods-ParstagramTests.release.xcconfig */,
			);
			path = Pods;
			sourceTree = "<group>";
		};
		9B7C7B532378A9C9000B00F2 = {
			isa = PBXGroup;
			children = (
				9B7C7B5E2378A9C9000B00F2 /* Parstagram */,
				9B7C7B752378A9D0000B00F2 /* ParstagramTests */,
				9B7C7B802378A9D1000B00F2 /* ParstagramUITests */,
				9B7C7B5D2378A9C9000B00F2 /* Products */,
				8C5BA4F62CDEADBDA235D3A8 /* Pods */,
				D72E8C4A0B684A0CAF84DF31 /* Frameworks */,
			);
			sourceTree = "<group>";
		};
		9B7C7B5D2378A9C9000B00F2 /* Products */ = {
			isa = PBXGroup;
			children = (
				9B7C7B5C2378A9C9000B00F2 /* Parstagram.app */,
				9B7C7B722378A9D0000B00F2 /* ParstagramTests.xctest */,
				9B7C7B7D2378A9D1000B00F2 /* ParstagramUITests.xctest */,
			);
			name = Products;
			sourceTree = "<group>";
		};
		9B7C7B5E2378A9C9000B00F2 /* Parstagram */ = {
			isa = PBXGroup;
			children = (
				9B7C7B5F2378A9C9000B00F2 /* AppDelegate.swift */,
				9B7C7B612378A9C9000B00F2 /* SceneDelegate.swift */,
				9B7C7B652378A9C9000B00F2 /* Main.storyboard */,
				9B7C7B682378A9D0000B00F2 /* Assets.xcassets */,
				9B7C7B6A2378A9D0000B00F2 /* LaunchScreen.storyboard */,
				9B7C7B6D2378A9D0000B00F2 /* Info.plist */,
				9B7C7B8F2378B158000B00F2 /* LoginViewController.swift */,
				9B7C7B912378B162000B00F2 /* FeedViewController.swift */,
				9B7C7B932378BAAE000B00F2 /* CameraViewController.swift */,
				9B7C7B952378DFC0000B00F2 /* PostCell.swift */,
				9B7C7B972388B7BD000B00F2 /* CommentCell.swift */,
			);
			path = Parstagram;
			sourceTree = "<group>";
		};
		9B7C7B752378A9D0000B00F2 /* ParstagramTests */ = {
			isa = PBXGroup;
			children = (
				9B7C7B762378A9D0000B00F2 /* ParstagramTests.swift */,
				9B7C7B782378A9D0000B00F2 /* Info.plist */,
			);
			path = ParstagramTests;
			sourceTree = "<group>";
		};
		9B7C7B802378A9D1000B00F2 /* ParstagramUITests */ = {
			isa = PBXGroup;
			children = (
				9B7C7B812378A9D1000B00F2 /* ParstagramUITests.swift */,
				9B7C7B832378A9D1000B00F2 /* Info.plist */,
			);
			path = ParstagramUITests;
			sourceTree = "<group>";
		};
		D72E8C4A0B684A0CAF84DF31 /* Frameworks */ = {
			isa = PBXGroup;
			children = (
				8E5E5612EED9DBE353333044 /* Pods_Parstagram.framework */,
				48773F25C64F3D4328B7F48F /* Pods_Parstagram_ParstagramUITests.framework */,
				1B9F31DC52CC2FD1E169A05D /* Pods_ParstagramTests.framework */,
			);
			name = Frameworks;
			sourceTree = "<group>";
		};
/* End PBXGroup section */

/* Begin PBXNativeTarget section */
		9B7C7B5B2378A9C9000B00F2 /* Parstagram */ = {
			isa = PBXNativeTarget;
			buildConfigurationList = 9B7C7B862378A9D1000B00F2 /* Build configuration list for PBXNativeTarget "Parstagram" */;
			buildPhases = (
				883BF510B1DDFA40803E0E02 /* [CP] Check Pods Manifest.lock */,
				9B7C7B582378A9C9000B00F2 /* Sources */,
				9B7C7B592378A9C9000B00F2 /* Frameworks */,
				9B7C7B5A2378A9C9000B00F2 /* Resources */,
				B685F0A491C3BD20410B13BF /* [CP] Embed Pods Frameworks */,
			);
			buildRules = (
			);
			dependencies = (
			);
			name = Parstagram;
			productName = Parstagram;
			productReference = 9B7C7B5C2378A9C9000B00F2 /* Parstagram.app */;
			productType = "com.apple.product-type.application";
		};
		9B7C7B712378A9D0000B00F2 /* ParstagramTests */ = {
			isa = PBXNativeTarget;
			buildConfigurationList = 9B7C7B892378A9D1000B00F2 /* Build configuration list for PBXNativeTarget "ParstagramTests" */;
			buildPhases = (
				68601E2331DDB2A0680896DB /* [CP] Check Pods Manifest.lock */,
				9B7C7B6E2378A9D0000B00F2 /* Sources */,
				9B7C7B6F2378A9D0000B00F2 /* Frameworks */,
				9B7C7B702378A9D0000B00F2 /* Resources */,
			);
			buildRules = (
			);
			dependencies = (
				9B7C7B742378A9D0000B00F2 /* PBXTargetDependency */,
			);
			name = ParstagramTests;
			productName = ParstagramTests;
			productReference = 9B7C7B722378A9D0000B00F2 /* ParstagramTests.xctest */;
			productType = "com.apple.product-type.bundle.unit-test";
		};
		9B7C7B7C2378A9D1000B00F2 /* ParstagramUITests */ = {
			isa = PBXNativeTarget;
			buildConfigurationList = 9B7C7B8C2378A9D1000B00F2 /* Build configuration list for PBXNativeTarget "ParstagramUITests" */;
			buildPhases = (
				E7C3B1617E5E24F7ACC644B1 /* [CP] Check Pods Manifest.lock */,
				9B7C7B792378A9D1000B00F2 /* Sources */,
				9B7C7B7A2378A9D1000B00F2 /* Frameworks */,
				9B7C7B7B2378A9D1000B00F2 /* Resources */,
				015D4AB87D0F61340BBC20C3 /* [CP] Embed Pods Frameworks */,
			);
			buildRules = (
			);
			dependencies = (
				9B7C7B7F2378A9D1000B00F2 /* PBXTargetDependency */,
			);
			name = ParstagramUITests;
			productName = ParstagramUITests;
			productReference = 9B7C7B7D2378A9D1000B00F2 /* ParstagramUITests.xctest */;
			productType = "com.apple.product-type.bundle.ui-testing";
		};
/* End PBXNativeTarget section */

/* Begin PBXProject section */
		9B7C7B542378A9C9000B00F2 /* Project object */ = {
			isa = PBXProject;
			attributes = {
				LastSwiftUpdateCheck = 1100;
				LastUpgradeCheck = 1100;
				ORGANIZATIONNAME = "Xuejin Gao";
				TargetAttributes = {
					9B7C7B5B2378A9C9000B00F2 = {
						CreatedOnToolsVersion = 11.0;
					};
					9B7C7B712378A9D0000B00F2 = {
						CreatedOnToolsVersion = 11.0;
						TestTargetID = 9B7C7B5B2378A9C9000B00F2;
					};
					9B7C7B7C2378A9D1000B00F2 = {
						CreatedOnToolsVersion = 11.0;
						TestTargetID = 9B7C7B5B2378A9C9000B00F2;
					};
				};
			};
			buildConfigurationList = 9B7C7B572378A9C9000B00F2 /* Build configuration list for PBXProject "Parstagram" */;
			compatibilityVersion = "Xcode 9.3";
			developmentRegion = en;
			hasScannedForEncodings = 0;
			knownRegions = (
				en,
				Base,
			);
			mainGroup = 9B7C7B532378A9C9000B00F2;
			productRefGroup = 9B7C7B5D2378A9C9000B00F2 /* Products */;
			projectDirPath = "";
			projectRoot = "";
			targets = (
				9B7C7B5B2378A9C9000B00F2 /* Parstagram */,
				9B7C7B712378A9D0000B00F2 /* ParstagramTests */,
				9B7C7B7C2378A9D1000B00F2 /* ParstagramUITests */,
			);
		};
/* End PBXProject section */

/* Begin PBXResourcesBuildPhase section */
		9B7C7B5A2378A9C9000B00F2 /* Resources */ = {
			isa = PBXResourcesBuildPhase;
			buildActionMask = 2147483647;
			files = (
				9B7C7B6C2378A9D0000B00F2 /* LaunchScreen.storyboard in Resources */,
				9B7C7B692378A9D0000B00F2 /* Assets.xcassets in Resources */,
				9B7C7B672378A9C9000B00F2 /* Main.storyboard in Resources */,
			);
			runOnlyForDeploymentPostprocessing = 0;
		};
		9B7C7B702378A9D0000B00F2 /* Resources */ = {
			isa = PBXResourcesBuildPhase;
			buildActionMask = 2147483647;
			files = (
			);
			runOnlyForDeploymentPostprocessing = 0;
		};
		9B7C7B7B2378A9D1000B00F2 /* Resources */ = {
			isa = PBXResourcesBuildPhase;
			buildActionMask = 2147483647;
			files = (
			);
			runOnlyForDeploymentPostprocessing = 0;
		};
/* End PBXResourcesBuildPhase section */

/* Begin PBXShellScriptBuildPhase section */
		015D4AB87D0F61340BBC20C3 /* [CP] Embed Pods Frameworks */ = {
			isa = PBXShellScriptBuildPhase;
			buildActionMask = 2147483647;
			files = (
			);
			inputFileListPaths = (
				"${PODS_ROOT}/Target Support Files/Pods-Parstagram-ParstagramUITests/Pods-Parstagram-ParstagramUITests-frameworks-${CONFIGURATION}-input-files.xcfilelist",
			);
			name = "[CP] Embed Pods Frameworks";
			outputFileListPaths = (
				"${PODS_ROOT}/Target Support Files/Pods-Parstagram-ParstagramUITests/Pods-Parstagram-ParstagramUITests-frameworks-${CONFIGURATION}-output-files.xcfilelist",
			);
			runOnlyForDeploymentPostprocessing = 0;
			shellPath = /bin/sh;
			shellScript = "\"${PODS_ROOT}/Target Support Files/Pods-Parstagram-ParstagramUITests/Pods-Parstagram-ParstagramUITests-frameworks.sh\"\n";
			showEnvVarsInLog = 0;
		};
		68601E2331DDB2A0680896DB /* [CP] Check Pods Manifest.lock */ = {
			isa = PBXShellScriptBuildPhase;
			buildActionMask = 2147483647;
			files = (
			);
			inputFileListPaths = (
			);
			inputPaths = (
				"${PODS_PODFILE_DIR_PATH}/Podfile.lock",
				"${PODS_ROOT}/Manifest.lock",
			);
			name = "[CP] Check Pods Manifest.lock";
			outputFileListPaths = (
			);
			outputPaths = (
				"$(DERIVED_FILE_DIR)/Pods-ParstagramTests-checkManifestLockResult.txt",
			);
			runOnlyForDeploymentPostprocessing = 0;
			shellPath = /bin/sh;
			shellScript = "diff \"${PODS_PODFILE_DIR_PATH}/Podfile.lock\" \"${PODS_ROOT}/Manifest.lock\" > /dev/null\nif [ $? != 0 ] ; then\n    # print error to STDERR\n    echo \"error: The sandbox is not in sync with the Podfile.lock. Run 'pod install' or update your CocoaPods installation.\" >&2\n    exit 1\nfi\n# This output is used by Xcode 'outputs' to avoid re-running this script phase.\necho \"SUCCESS\" > \"${SCRIPT_OUTPUT_FILE_0}\"\n";
			showEnvVarsInLog = 0;
		};
		883BF510B1DDFA40803E0E02 /* [CP] Check Pods Manifest.lock */ = {
			isa = PBXShellScriptBuildPhase;
			buildActionMask = 2147483647;
			files = (
			);
			inputFileListPaths = (
			);
			inputPaths = (
				"${PODS_PODFILE_DIR_PATH}/Podfile.lock",
				"${PODS_ROOT}/Manifest.lock",
			);
			name = "[CP] Check Pods Manifest.lock";
			outputFileListPaths = (
			);
			outputPaths = (
				"$(DERIVED_FILE_DIR)/Pods-Parstagram-checkManifestLockResult.txt",
			);
			runOnlyForDeploymentPostprocessing = 0;
			shellPath = /bin/sh;
			shellScript = "diff \"${PODS_PODFILE_DIR_PATH}/Podfile.lock\" \"${PODS_ROOT}/Manifest.lock\" > /dev/null\nif [ $? != 0 ] ; then\n    # print error to STDERR\n    echo \"error: The sandbox is not in sync with the Podfile.lock. Run 'pod install' or update your CocoaPods installation.\" >&2\n    exit 1\nfi\n# This output is used by Xcode 'outputs' to avoid re-running this script phase.\necho \"SUCCESS\" > \"${SCRIPT_OUTPUT_FILE_0}\"\n";
			showEnvVarsInLog = 0;
		};
		B685F0A491C3BD20410B13BF /* [CP] Embed Pods Frameworks */ = {
			isa = PBXShellScriptBuildPhase;
			buildActionMask = 2147483647;
			files = (
			);
			inputFileListPaths = (
				"${PODS_ROOT}/Target Support Files/Pods-Parstagram/Pods-Parstagram-frameworks-${CONFIGURATION}-input-files.xcfilelist",
			);
			name = "[CP] Embed Pods Frameworks";
			outputFileListPaths = (
				"${PODS_ROOT}/Target Support Files/Pods-Parstagram/Pods-Parstagram-frameworks-${CONFIGURATION}-output-files.xcfilelist",
			);
			runOnlyForDeploymentPostprocessing = 0;
			shellPath = /bin/sh;
			shellScript = "\"${PODS_ROOT}/Target Support Files/Pods-Parstagram/Pods-Parstagram-frameworks.sh\"\n";
			showEnvVarsInLog = 0;
		};
		E7C3B1617E5E24F7ACC644B1 /* [CP] Check Pods Manifest.lock */ = {
			isa = PBXShellScriptBuildPhase;
			buildActionMask = 2147483647;
			files = (
			);
			inputFileListPaths = (
			);
			inputPaths = (
				"${PODS_PODFILE_DIR_PATH}/Podfile.lock",
				"${PODS_ROOT}/Manifest.lock",
			);
			name = "[CP] Check Pods Manifest.lock";
			outputFileListPaths = (
			);
			outputPaths = (
				"$(DERIVED_FILE_DIR)/Pods-Parstagram-ParstagramUITests-checkManifestLockResult.txt",
			);
			runOnlyForDeploymentPostprocessing = 0;
			shellPath = /bin/sh;
			shellScript = "diff \"${PODS_PODFILE_DIR_PATH}/Podfile.lock\" \"${PODS_ROOT}/Manifest.lock\" > /dev/null\nif [ $? != 0 ] ; then\n    # print error to STDERR\n    echo \"error: The sandbox is not in sync with the Podfile.lock. Run 'pod install' or update your CocoaPods installation.\" >&2\n    exit 1\nfi\n# This output is used by Xcode 'outputs' to avoid re-running this script phase.\necho \"SUCCESS\" > \"${SCRIPT_OUTPUT_FILE_0}\"\n";
			showEnvVarsInLog = 0;
		};
/* End PBXShellScriptBuildPhase section */

/* Begin PBXSourcesBuildPhase section */
		9B7C7B582378A9C9000B00F2 /* Sources */ = {
			isa = PBXSourcesBuildPhase;
			buildActionMask = 2147483647;
			files = (
				9B7C7B902378B158000B00F2 /* LoginViewController.swift in Sources */,
				9B7C7B942378BAAE000B00F2 /* CameraViewController.swift in Sources */,
				9B7C7B602378A9C9000B00F2 /* AppDelegate.swift in Sources */,
				9B7C7B922378B162000B00F2 /* FeedViewController.swift in Sources */,
				9B7C7B622378A9C9000B00F2 /* SceneDelegate.swift in Sources */,
				9B7C7B962378DFC0000B00F2 /* PostCell.swift in Sources */,
				9B7C7B982388B7BE000B00F2 /* CommentCell.swift in Sources */,
			);
			runOnlyForDeploymentPostprocessing = 0;
		};
		9B7C7B6E2378A9D0000B00F2 /* Sources */ = {
			isa = PBXSourcesBuildPhase;
			buildActionMask = 2147483647;
			files = (
				9B7C7B772378A9D0000B00F2 /* ParstagramTests.swift in Sources */,
			);
			runOnlyForDeploymentPostprocessing = 0;
		};
		9B7C7B792378A9D1000B00F2 /* Sources */ = {
			isa = PBXSourcesBuildPhase;
			buildActionMask = 2147483647;
			files = (
				9B7C7B822378A9D1000B00F2 /* ParstagramUITests.swift in Sources */,
			);
			runOnlyForDeploymentPostprocessing = 0;
		};
/* End PBXSourcesBuildPhase section */

/* Begin PBXTargetDependency section */
		9B7C7B742378A9D0000B00F2 /* PBXTargetDependency */ = {
			isa = PBXTargetDependency;
			target = 9B7C7B5B2378A9C9000B00F2 /* Parstagram */;
			targetProxy = 9B7C7B732378A9D0000B00F2 /* PBXContainerItemProxy */;
		};
		9B7C7B7F2378A9D1000B00F2 /* PBXTargetDependency */ = {
			isa = PBXTargetDependency;
			target = 9B7C7B5B2378A9C9000B00F2 /* Parstagram */;
			targetProxy = 9B7C7B7E2378A9D1000B00F2 /* PBXContainerItemProxy */;
		};
/* End PBXTargetDependency section */

/* Begin PBXVariantGroup section */
		9B7C7B652378A9C9000B00F2 /* Main.storyboard */ = {
			isa = PBXVariantGroup;
			children = (
				9B7C7B662378A9C9000B00F2 /* Base */,
			);
			name = Main.storyboard;
			sourceTree = "<group>";
		};
		9B7C7B6A2378A9D0000B00F2 /* LaunchScreen.storyboard */ = {
			isa = PBXVariantGroup;
			children = (
				9B7C7B6B2378A9D0000B00F2 /* Base */,
			);
			name = LaunchScreen.storyboard;
			sourceTree = "<group>";
		};
/* End PBXVariantGroup section */

/* Begin XCBuildConfiguration section */
		9B7C7B842378A9D1000B00F2 /* Debug */ = {
			isa = XCBuildConfiguration;
			buildSettings = {
				ALWAYS_SEARCH_USER_PATHS = NO;
				CLANG_ANALYZER_NONNULL = YES;
				CLANG_ANALYZER_NUMBER_OBJECT_CONVERSION = YES_AGGRESSIVE;
				CLANG_CXX_LANGUAGE_STANDARD = "gnu++14";
				CLANG_CXX_LIBRARY = "libc++";
				CLANG_ENABLE_MODULES = YES;
				CLANG_ENABLE_OBJC_ARC = YES;
				CLANG_ENABLE_OBJC_WEAK = YES;
				CLANG_WARN_BLOCK_CAPTURE_AUTORELEASING = YES;
				CLANG_WARN_BOOL_CONVERSION = YES;
				CLANG_WARN_COMMA = YES;
				CLANG_WARN_CONSTANT_CONVERSION = YES;
				CLANG_WARN_DEPRECATED_OBJC_IMPLEMENTATIONS = YES;
				CLANG_WARN_DIRECT_OBJC_ISA_USAGE = YES_ERROR;
				CLANG_WARN_DOCUMENTATION_COMMENTS = YES;
				CLANG_WARN_EMPTY_BODY = YES;
				CLANG_WARN_ENUM_CONVERSION = YES;
				CLANG_WARN_INFINITE_RECURSION = YES;
				CLANG_WARN_INT_CONVERSION = YES;
				CLANG_WARN_NON_LITERAL_NULL_CONVERSION = YES;
				CLANG_WARN_OBJC_IMPLICIT_RETAIN_SELF = YES;
				CLANG_WARN_OBJC_LITERAL_CONVERSION = YES;
				CLANG_WARN_OBJC_ROOT_CLASS = YES_ERROR;
				CLANG_WARN_RANGE_LOOP_ANALYSIS = YES;
				CLANG_WARN_STRICT_PROTOTYPES = YES;
				CLANG_WARN_SUSPICIOUS_MOVE = YES;
				CLANG_WARN_UNGUARDED_AVAILABILITY = YES_AGGRESSIVE;
				CLANG_WARN_UNREACHABLE_CODE = YES;
				CLANG_WARN__DUPLICATE_METHOD_MATCH = YES;
				COPY_PHASE_STRIP = NO;
				DEBUG_INFORMATION_FORMAT = dwarf;
				ENABLE_STRICT_OBJC_MSGSEND = YES;
				ENABLE_TESTABILITY = YES;
				GCC_C_LANGUAGE_STANDARD = gnu11;
				GCC_DYNAMIC_NO_PIC = NO;
				GCC_NO_COMMON_BLOCKS = YES;
				GCC_OPTIMIZATION_LEVEL = 0;
				GCC_PREPROCESSOR_DEFINITIONS = (
					"DEBUG=1",
					"$(inherited)",
				);
				GCC_WARN_64_TO_32_BIT_CONVERSION = YES;
				GCC_WARN_ABOUT_RETURN_TYPE = YES_ERROR;
				GCC_WARN_UNDECLARED_SELECTOR = YES;
				GCC_WARN_UNINITIALIZED_AUTOS = YES_AGGRESSIVE;
				GCC_WARN_UNUSED_FUNCTION = YES;
				GCC_WARN_UNUSED_VARIABLE = YES;
				IPHONEOS_DEPLOYMENT_TARGET = 13.0;
				MTL_ENABLE_DEBUG_INFO = INCLUDE_SOURCE;
				MTL_FAST_MATH = YES;
				ONLY_ACTIVE_ARCH = YES;
				SDKROOT = iphoneos;
				SWIFT_ACTIVE_COMPILATION_CONDITIONS = DEBUG;
				SWIFT_OPTIMIZATION_LEVEL = "-Onone";
			};
			name = Debug;
		};
		9B7C7B852378A9D1000B00F2 /* Release */ = {
			isa = XCBuildConfiguration;
			buildSettings = {
				ALWAYS_SEARCH_USER_PATHS = NO;
				CLANG_ANALYZER_NONNULL = YES;
				CLANG_ANALYZER_NUMBER_OBJECT_CONVERSION = YES_AGGRESSIVE;
				CLANG_CXX_LANGUAGE_STANDARD = "gnu++14";
				CLANG_CXX_LIBRARY = "libc++";
				CLANG_ENABLE_MODULES = YES;
				CLANG_ENABLE_OBJC_ARC = YES;
				CLANG_ENABLE_OBJC_WEAK = YES;
				CLANG_WARN_BLOCK_CAPTURE_AUTORELEASING = YES;
				CLANG_WARN_BOOL_CONVERSION = YES;
				CLANG_WARN_COMMA = YES;
				CLANG_WARN_CONSTANT_CONVERSION = YES;
				CLANG_WARN_DEPRECATED_OBJC_IMPLEMENTATIONS = YES;
				CLANG_WARN_DIRECT_OBJC_ISA_USAGE = YES_ERROR;
				CLANG_WARN_DOCUMENTATION_COMMENTS = YES;
				CLANG_WARN_EMPTY_BODY = YES;
				CLANG_WARN_ENUM_CONVERSION = YES;
				CLANG_WARN_INFINITE_RECURSION = YES;
				CLANG_WARN_INT_CONVERSION = YES;
				CLANG_WARN_NON_LITERAL_NULL_CONVERSION = YES;
				CLANG_WARN_OBJC_IMPLICIT_RETAIN_SELF = YES;
				CLANG_WARN_OBJC_LITERAL_CONVERSION = YES;
				CLANG_WARN_OBJC_ROOT_CLASS = YES_ERROR;
				CLANG_WARN_RANGE_LOOP_ANALYSIS = YES;
				CLANG_WARN_STRICT_PROTOTYPES = YES;
				CLANG_WARN_SUSPICIOUS_MOVE = YES;
				CLANG_WARN_UNGUARDED_AVAILABILITY = YES_AGGRESSIVE;
				CLANG_WARN_UNREACHABLE_CODE = YES;
				CLANG_WARN__DUPLICATE_METHOD_MATCH = YES;
				COPY_PHASE_STRIP = NO;
				DEBUG_INFORMATION_FORMAT = "dwarf-with-dsym";
				ENABLE_NS_ASSERTIONS = NO;
				ENABLE_STRICT_OBJC_MSGSEND = YES;
				GCC_C_LANGUAGE_STANDARD = gnu11;
				GCC_NO_COMMON_BLOCKS = YES;
				GCC_WARN_64_TO_32_BIT_CONVERSION = YES;
				GCC_WARN_ABOUT_RETURN_TYPE = YES_ERROR;
				GCC_WARN_UNDECLARED_SELECTOR = YES;
				GCC_WARN_UNINITIALIZED_AUTOS = YES_AGGRESSIVE;
				GCC_WARN_UNUSED_FUNCTION = YES;
				GCC_WARN_UNUSED_VARIABLE = YES;
				IPHONEOS_DEPLOYMENT_TARGET = 13.0;
				MTL_ENABLE_DEBUG_INFO = NO;
				MTL_FAST_MATH = YES;
				SDKROOT = iphoneos;
				SWIFT_COMPILATION_MODE = wholemodule;
				SWIFT_OPTIMIZATION_LEVEL = "-O";
				VALIDATE_PRODUCT = YES;
			};
			name = Release;
		};
		9B7C7B872378A9D1000B00F2 /* Debug */ = {
			isa = XCBuildConfiguration;
			baseConfigurationReference = 4EB33886779BF33929E8127C /* Pods-Parstagram.debug.xcconfig */;
			buildSettings = {
				ASSETCATALOG_COMPILER_APPICON_NAME = AppIcon;
				CODE_SIGN_STYLE = Automatic;
				DEVELOPMENT_TEAM = 3WY596M578;
				INFOPLIST_FILE = Parstagram/Info.plist;
				LD_RUNPATH_SEARCH_PATHS = (
					"$(inherited)",
					"@executable_path/Frameworks",
				);
				PRODUCT_BUNDLE_IDENTIFIER = xgao.Parstagram;
				PRODUCT_NAME = "$(TARGET_NAME)";
				SWIFT_VERSION = 5.0;
				TARGETED_DEVICE_FAMILY = "1,2";
			};
			name = Debug;
		};
		9B7C7B882378A9D1000B00F2 /* Release */ = {
			isa = XCBuildConfiguration;
			baseConfigurationReference = 36ACA163B75B1461CDD0D5FA /* Pods-Parstagram.release.xcconfig */;
			buildSettings = {
				ASSETCATALOG_COMPILER_APPICON_NAME = AppIcon;
				CODE_SIGN_STYLE = Automatic;
				DEVELOPMENT_TEAM = 3WY596M578;
				INFOPLIST_FILE = Parstagram/Info.plist;
				LD_RUNPATH_SEARCH_PATHS = (
					"$(inherited)",
					"@executable_path/Frameworks",
				);
				PRODUCT_BUNDLE_IDENTIFIER = xgao.Parstagram;
				PRODUCT_NAME = "$(TARGET_NAME)";
				SWIFT_VERSION = 5.0;
				TARGETED_DEVICE_FAMILY = "1,2";
			};
			name = Release;
		};
		9B7C7B8A2378A9D1000B00F2 /* Debug */ = {
			isa = XCBuildConfiguration;
			baseConfigurationReference = C91042B4705F7E52B9EB0085 /* Pods-ParstagramTests.debug.xcconfig */;
			buildSettings = {
				ALWAYS_EMBED_SWIFT_STANDARD_LIBRARIES = YES;
				BUNDLE_LOADER = "$(TEST_HOST)";
				CODE_SIGN_STYLE = Automatic;
				INFOPLIST_FILE = ParstagramTests/Info.plist;
				IPHONEOS_DEPLOYMENT_TARGET = 13.0;
				LD_RUNPATH_SEARCH_PATHS = (
					"$(inherited)",
					"@executable_path/Frameworks",
					"@loader_path/Frameworks",
				);
				PRODUCT_BUNDLE_IDENTIFIER = xgao.ParstagramTests;
				PRODUCT_NAME = "$(TARGET_NAME)";
				SWIFT_VERSION = 5.0;
				TARGETED_DEVICE_FAMILY = "1,2";
				TEST_HOST = "$(BUILT_PRODUCTS_DIR)/Parstagram.app/Parstagram";
			};
			name = Debug;
		};
		9B7C7B8B2378A9D1000B00F2 /* Release */ = {
			isa = XCBuildConfiguration;
			baseConfigurationReference = 7CA05D7DE970CC355C888605 /* Pods-ParstagramTests.release.xcconfig */;
			buildSettings = {
				ALWAYS_EMBED_SWIFT_STANDARD_LIBRARIES = YES;
				BUNDLE_LOADER = "$(TEST_HOST)";
				CODE_SIGN_STYLE = Automatic;
				INFOPLIST_FILE = ParstagramTests/Info.plist;
				IPHONEOS_DEPLOYMENT_TARGET = 13.0;
				LD_RUNPATH_SEARCH_PATHS = (
					"$(inherited)",
					"@executable_path/Frameworks",
					"@loader_path/Frameworks",
				);
				PRODUCT_BUNDLE_IDENTIFIER = xgao.ParstagramTests;
				PRODUCT_NAME = "$(TARGET_NAME)";
				SWIFT_VERSION = 5.0;
				TARGETED_DEVICE_FAMILY = "1,2";
				TEST_HOST = "$(BUILT_PRODUCTS_DIR)/Parstagram.app/Parstagram";
			};
			name = Release;
		};
		9B7C7B8D2378A9D1000B00F2 /* Debug */ = {
			isa = XCBuildConfiguration;
			baseConfigurationReference = 8E8DFC8EBF2C23FE485CF543 /* Pods-Parstagram-ParstagramUITests.debug.xcconfig */;
			buildSettings = {
				ALWAYS_EMBED_SWIFT_STANDARD_LIBRARIES = YES;
				CODE_SIGN_STYLE = Automatic;
				INFOPLIST_FILE = ParstagramUITests/Info.plist;
				LD_RUNPATH_SEARCH_PATHS = (
					"$(inherited)",
					"@executable_path/Frameworks",
					"@loader_path/Frameworks",
				);
				PRODUCT_BUNDLE_IDENTIFIER = xgao.ParstagramUITests;
				PRODUCT_NAME = "$(TARGET_NAME)";
				SWIFT_VERSION = 5.0;
				TARGETED_DEVICE_FAMILY = "1,2";
				TEST_TARGET_NAME = Parstagram;
			};
			name = Debug;
		};
		9B7C7B8E2378A9D1000B00F2 /* Release */ = {
			isa = XCBuildConfiguration;
			baseConfigurationReference = 5AE68C0960B0E6E003313B7A /* Pods-Parstagram-ParstagramUITests.release.xcconfig */;
			buildSettings = {
				ALWAYS_EMBED_SWIFT_STANDARD_LIBRARIES = YES;
				CODE_SIGN_STYLE = Automatic;
				INFOPLIST_FILE = ParstagramUITests/Info.plist;
				LD_RUNPATH_SEARCH_PATHS = (
					"$(inherited)",
					"@executable_path/Frameworks",
					"@loader_path/Frameworks",
				);
				PRODUCT_BUNDLE_IDENTIFIER = xgao.ParstagramUITests;
				PRODUCT_NAME = "$(TARGET_NAME)";
				SWIFT_VERSION = 5.0;
				TARGETED_DEVICE_FAMILY = "1,2";
				TEST_TARGET_NAME = Parstagram;
			};
			name = Release;
		};
/* End XCBuildConfiguration section */

/* Begin XCConfigurationList section */
		9B7C7B572378A9C9000B00F2 /* Build configuration list for PBXProject "Parstagram" */ = {
			isa = XCConfigurationList;
			buildConfigurations = (
				9B7C7B842378A9D1000B00F2 /* Debug */,
				9B7C7B852378A9D1000B00F2 /* Release */,
			);
			defaultConfigurationIsVisible = 0;
			defaultConfigurationName = Release;
		};
		9B7C7B862378A9D1000B00F2 /* Build configuration list for PBXNativeTarget "Parstagram" */ = {
			isa = XCConfigurationList;
			buildConfigurations = (
				9B7C7B872378A9D1000B00F2 /* Debug */,
				9B7C7B882378A9D1000B00F2 /* Release */,
			);
			defaultConfigurationIsVisible = 0;
			defaultConfigurationName = Release;
		};
		9B7C7B892378A9D1000B00F2 /* Build configuration list for PBXNativeTarget "ParstagramTests" */ = {
			isa = XCConfigurationList;
			buildConfigurations = (
				9B7C7B8A2378A9D1000B00F2 /* Debug */,
				9B7C7B8B2378A9D1000B00F2 /* Release */,
			);
			defaultConfigurationIsVisible = 0;
			defaultConfigurationName = Release;
		};
		9B7C7B8C2378A9D1000B00F2 /* Build configuration list for PBXNativeTarget "ParstagramUITests" */ = {
			isa = XCConfigurationList;
			buildConfigurations = (
				9B7C7B8D2378A9D1000B00F2 /* Debug */,
				9B7C7B8E2378A9D1000B00F2 /* Release */,
			);
			defaultConfigurationIsVisible = 0;
			defaultConfigurationName = Release;
		};
/* End XCConfigurationList section */
	};
	rootObject = 9B7C7B542378A9C9000B00F2 /* Project object */;
}
